<?xml version="1.0" encoding="utf-8"?>
<Project ToolsVersion="17.0" xmlns="http://schemas.microsoft.com/developer/msbuild/2003">
  <ItemGroup>
    <ClCompile Include="C:\Users\samue\Documents\GitHub\TP_S3\bdd_basecode\src\Index.c">
      <Filter>sources</Filter>
    </ClCompile>
    <ClCompile Include="C:\Users\samue\Documents\GitHub\TP_S3\bdd_basecode\src\SetEntry.c">
      <Filter>sources</Filter>
    </ClCompile>
    <ClCompile Include="C:\Users\samue\Documents\GitHub\TP_S3\bdd_basecode\src\Table.c">
      <Filter>sources</Filter>
    </ClCompile>
    <ClCompile Include="C:\Users\samue\Documents\GitHub\TP_S3\bdd_basecode\src\main.c">
      <Filter>sources</Filter>
    </ClCompile>
  </ItemGroup>
  <ItemGroup>
    <ClInclude Include="C:\Users\samue\Documents\GitHub\TP_S3\bdd_basecode\src\Index.h">
      <Filter>sources</Filter>
    </ClInclude>
    <ClInclude Include="C:\Users\samue\Documents\GitHub\TP_S3\bdd_basecode\src\SetEntry.h">
      <Filter>sources</Filter>
    </ClInclude>
    <ClInclude Include="C:\Users\samue\Documents\GitHub\TP_S3\bdd_basecode\src\Settings.h">
      <Filter>sources</Filter>
    </ClInclude>
    <ClInclude Include="C:\Users\samue\Documents\GitHub\TP_S3\bdd_basecode\src\Table.h">
      <Filter>sources</Filter>
    </ClInclude>
  </ItemGroup>
  <ItemGroup>
    <CustomBuild Include="C:\Users\samue\Documents\GitHub\TP_S3\bdd_basecode\CMakeLists.txt" />
  </ItemGroup>
  <ItemGroup>
    <Filter Include="sources">
      <UniqueIdentifier>{EE28076D-F212-3BA5-AA8B-090BEBA11084}</UniqueIdentifier>
    </Filter>
  </ItemGroup>
</Project>
